
Microsoft Visual Studio Solution File, Format Version 12.00
# Visual Studio Version 17
VisualStudioVersion = 17.0.31903.59
MinimumVisualStudioVersion = 10.0.40219.1
Project("{2150E333-8FDC-42A3-9474-1A3956D46DE8}") = "src", "src", "{827E0CD3-B72D-47B6-A68D-7590B98EB39B}"
EndProject
Project("{FAE04EC0-301F-11D3-BF4B-00C04F79EFBC}") = "ArkKeeper.App", "src\ArkKeeper.App\ArkKeeper.App.csproj", "{E89F3131-A5BA-479C-8C14-4B1F6354E7EE}"
EndProject
Project("{FAE04EC0-301F-11D3-BF4B-00C04F79EFBC}") = "ArkKeeper.Core", "src\ArkKeeper.Core\ArkKeeper.Core.csproj", "{0EF4DA85-69C6-4A22-AA00-1EDAA117701C}"
EndProject
Project("{FAE04EC0-301F-11D3-BF4B-00C04F79EFBC}") = "ArkKeeper.Networking", "src\ArkKeeper.Networking\ArkKeeper.Networking.csproj", "{8ED14EB5-1081-4C41-9D96-9EDADE785C94}"
EndProject
Project("{FAE04EC0-301F-11D3-BF4B-00C04F79EFBC}") = "ArkKeeper.Discord", "src\ArkKeeper.Discord\ArkKeeper.Discord.csproj", "{58410DC0-8DED-46D8-89C0-AB38F2405CF2}"
EndProject
Project("{FAE04EC0-301F-11D3-BF4B-00C04F79EFBC}") = "ArkKeeper.Updater", "src\ArkKeeper.Updater\ArkKeeper.Updater.csproj", "{B60A4B1D-E6C9-42C3-8A8F-E0A70C333512}"
EndProject
Project("{2150E333-8FDC-42A3-9474-1A3956D46DE8}") = "tests", "tests", "{0AB3BF05-4346-4AA6-1389-037BE0695223}"
EndProject
Project("{FAE04EC0-301F-11D3-BF4B-00C04F79EFBC}") = "ArkKeeper.Core.Tests", "tests\ArkKeeper.Core.Tests\ArkKeeper.Core.Tests.csproj", "{51FB9D67-5F49-44A9-8D10-D13190C2A86A}"
EndProject
Global
	GlobalSection(SolutionConfigurationPlatforms) = preSolution
		Debug|Any CPU = Debug|Any CPU
		Debug|x64 = Debug|x64
		Debug|x86 = Debug|x86
		Release|Any CPU = Release|Any CPU
		Release|x64 = Release|x64
		Release|x86 = Release|x86
	EndGlobalSection
	GlobalSection(ProjectConfigurationPlatforms) = postSolution
		{E89F3131-A5BA-479C-8C14-4B1F6354E7EE}.Debug|Any CPU.ActiveCfg = Debug|Any CPU
		{E89F3131-A5BA-479C-8C14-4B1F6354E7EE}.Debug|Any CPU.Build.0 = Debug|Any CPU
		{E89F3131-A5BA-479C-8C14-4B1F6354E7EE}.Debug|x64.ActiveCfg = Debug|Any CPU
		{E89F3131-A5BA-479C-8C14-4B1F6354E7EE}.Debug|x64.Build.0 = Debug|Any CPU
		{E89F3131-A5BA-479C-8C14-4B1F6354E7EE}.Debug|x86.ActiveCfg = Debug|Any CPU
		{E89F3131-A5BA-479C-8C14-4B1F6354E7EE}.Debug|x86.Build.0 = Debug|Any CPU
		{E89F3131-A5BA-479C-8C14-4B1F6354E7EE}.Release|Any CPU.ActiveCfg = Release|Any CPU
		{E89F3131-A5BA-479C-8C14-4B1F6354E7EE}.Release|Any CPU.Build.0 = Release|Any CPU
		{E89F3131-A5BA-479C-8C14-4B1F6354E7EE}.Release|x64.ActiveCfg = Release|Any CPU
		{E89F3131-A5BA-479C-8C14-4B1F6354E7EE}.Release|x64.Build.0 = Release|Any CPU
		{E89F3131-A5BA-479C-8C14-4B1F6354E7EE}.Release|x86.ActiveCfg = Release|Any CPU
		{E89F3131-A5BA-479C-8C14-4B1F6354E7EE}.Release|x86.Build.0 = Release|Any CPU
		{0EF4DA85-69C6-4A22-AA00-1EDAA117701C}.Debug|Any CPU.ActiveCfg = Debug|Any CPU
		{0EF4DA85-69C6-4A22-AA00-1EDAA117701C}.Debug|Any CPU.Build.0 = Debug|Any CPU
		{0EF4DA85-69C6-4A22-AA00-1EDAA117701C}.Debug|x64.ActiveCfg = Debug|Any CPU
		{0EF4DA85-69C6-4A22-AA00-1EDAA117701C}.Debug|x64.Build.0 = Debug|Any CPU
		{0EF4DA85-69C6-4A22-AA00-1EDAA117701C}.Debug|x86.ActiveCfg = Debug|Any CPU
		{0EF4DA85-69C6-4A22-AA00-1EDAA117701C}.Debug|x86.Build.0 = Debug|Any CPU
		{0EF4DA85-69C6-4A22-AA00-1EDAA117701C}.Release|Any CPU.ActiveCfg = Release|Any CPU
		{0EF4DA85-69C6-4A22-AA00-1EDAA117701C}.Release|Any CPU.Build.0 = Release|Any CPU
		{0EF4DA85-69C6-4A22-AA00-1EDAA117701C}.Release|x64.ActiveCfg = Release|Any CPU
		{0EF4DA85-69C6-4A22-AA00-1EDAA117701C}.Release|x64.Build.0 = Release|Any CPU
		{0EF4DA85-69C6-4A22-AA00-1EDAA117701C}.Release|x86.ActiveCfg = Release|Any CPU
		{0EF4DA85-69C6-4A22-AA00-1EDAA117701C}.Release|x86.Build.0 = Release|Any CPU
		{8ED14EB5-1081-4C41-9D96-9EDADE785C94}.Debug|Any CPU.ActiveCfg = Debug|Any CPU
		{8ED14EB5-1081-4C41-9D96-9EDADE785C94}.Debug|Any CPU.Build.0 = Debug|Any CPU
		{8ED14EB5-1081-4C41-9D96-9EDADE785C94}.Debug|x64.ActiveCfg = Debug|Any CPU
		{8ED14EB5-1081-4C41-9D96-9EDADE785C94}.Debug|x64.Build.0 = Debug|Any CPU
		{8ED14EB5-1081-4C41-9D96-9EDADE785C94}.Debug|x86.ActiveCfg = Debug|Any CPU
		{8ED14EB5-1081-4C41-9D96-9EDADE785C94}.Debug|x86.Build.0 = Debug|Any CPU
		{8ED14EB5-1081-4C41-9D96-9EDADE785C94}.Release|Any CPU.ActiveCfg = Release|Any CPU
		{8ED14EB5-1081-4C41-9D96-9EDADE785C94}.Release|Any CPU.Build.0 = Release|Any CPU
		{8ED14EB5-1081-4C41-9D96-9EDADE785C94}.Release|x64.ActiveCfg = Release|Any CPU
		{8ED14EB5-1081-4C41-9D96-9EDADE785C94}.Release|x64.Build.0 = Release|Any CPU
		{8ED14EB5-1081-4C41-9D96-9EDADE785C94}.Release|x86.ActiveCfg = Release|Any CPU
		{8ED14EB5-1081-4C41-9D96-9EDADE785C94}.Release|x86.Build.0 = Release|Any CPU
		{58410DC0-8DED-46D8-89C0-AB38F2405CF2}.Debug|Any CPU.ActiveCfg = Debug|Any CPU
		{58410DC0-8DED-46D8-89C0-AB38F2405CF2}.Debug|Any CPU.Build.0 = Debug|Any CPU
		{58410DC0-8DED-46D8-89C0-AB38F2405CF2}.Debug|x64.ActiveCfg = Debug|Any CPU
		{58410DC0-8DED-46D8-89C0-AB38F2405CF2}.Debug|x64.Build.0 = Debug|Any CPU
		{58410DC0-8DED-46D8-89C0-AB38F2405CF2}.Debug|x86.ActiveCfg = Debug|Any CPU
		{58410DC0-8DED-46D8-89C0-AB38F2405CF2}.Debug|x86.Build.0 = Debug|Any CPU
		{58410DC0-8DED-46D8-89C0-AB38F2405CF2}.Release|Any CPU.ActiveCfg = Release|Any CPU
		{58410DC0-8DED-46D8-89C0-AB38F2405CF2}.Release|Any CPU.Build.0 = Release|Any CPU
		{58410DC0-8DED-46D8-89C0-AB38F2405CF2}.Release|x64.ActiveCfg = Release|Any CPU
		{58410DC0-8DED-46D8-89C0-AB38F2405CF2}.Release|x64.Build.0 = Release|Any CPU
		{58410DC0-8DED-46D8-89C0-AB38F2405CF2}.Release|x86.ActiveCfg = Release|Any CPU
		{58410DC0-8DED-46D8-89C0-AB38F2405CF2}.Release|x86.Build.0 = Release|Any CPU
		{B60A4B1D-E6C9-42C3-8A8F-E0A70C333512}.Debug|Any CPU.ActiveCfg = Debug|Any CPU
		{B60A4B1D-E6C9-42C3-8A8F-E0A70C333512}.Debug|Any CPU.Build.0 = Debug|Any CPU
		{B60A4B1D-E6C9-42C3-8A8F-E0A70C333512}.Debug|x64.ActiveCfg = Debug|Any CPU
		{B60A4B1D-E6C9-42C3-8A8F-E0A70C333512}.Debug|x64.Build.0 = Debug|Any CPU
		{B60A4B1D-E6C9-42C3-8A8F-E0A70C333512}.Debug|x86.ActiveCfg = Debug|Any CPU
		{B60A4B1D-E6C9-42C3-8A8F-E0A70C333512}.Debug|x86.Build.0 = Debug|Any CPU
		{B60A4B1D-E6C9-42C3-8A8F-E0A70C333512}.Release|Any CPU.ActiveCfg = Release|Any CPU
		{B60A4B1D-E6C9-42C3-8A8F-E0A70C333512}.Release|Any CPU.Build.0 = Release|Any CPU
		{B60A4B1D-E6C9-42C3-8A8F-E0A70C333512}.Release|x64.ActiveCfg = Release|Any CPU
		{B60A4B1D-E6C9-42C3-8A8F-E0A70C333512}.Release|x64.Build.0 = Release|Any CPU
		{B60A4B1D-E6C9-42C3-8A8F-E0A70C333512}.Release|x86.ActiveCfg = Release|Any CPU
		{B60A4B1D-E6C9-42C3-8A8F-E0A70C333512}.Release|x86.Build.0 = Release|Any CPU
		{51FB9D67-5F49-44A9-8D10-D13190C2A86A}.Debug|Any CPU.ActiveCfg = Debug|Any CPU
		{51FB9D67-5F49-44A9-8D10-D13190C2A86A}.Debug|Any CPU.Build.0 = Debug|Any CPU
		{51FB9D67-5F49-44A9-8D10-D13190C2A86A}.Debug|x64.ActiveCfg = Debug|Any CPU
		{51FB9D67-5F49-44A9-8D10-D13190C2A86A}.Debug|x64.Build.0 = Debug|Any CPU
		{51FB9D67-5F49-44A9-8D10-D13190C2A86A}.Debug|x86.ActiveCfg = Debug|Any CPU
		{51FB9D67-5F49-44A9-8D10-D13190C2A86A}.Debug|x86.Build.0 = Debug|Any CPU
		{51FB9D67-5F49-44A9-8D10-D13190C2A86A}.Release|Any CPU.ActiveCfg = Release|Any CPU
		{51FB9D67-5F49-44A9-8D10-D13190C2A86A}.Release|Any CPU.Build.0 = Release|Any CPU
		{51FB9D67-5F49-44A9-8D10-D13190C2A86A}.Release|x64.ActiveCfg = Release|Any CPU
		{51FB9D67-5F49-44A9-8D10-D13190C2A86A}.Release|x64.Build.0 = Release|Any CPU
		{51FB9D67-5F49-44A9-8D10-D13190C2A86A}.Release|x86.ActiveCfg = Release|Any CPU
		{51FB9D67-5F49-44A9-8D10-D13190C2A86A}.Release|x86.Build.0 = Release|Any CPU
	EndGlobalSection
	GlobalSection(SolutionProperties) = preSolution
		HideSolutionNode = FALSE
	EndGlobalSection
	GlobalSection(NestedProjects) = preSolution
		{E89F3131-A5BA-479C-8C14-4B1F6354E7EE} = {827E0CD3-B72D-47B6-A68D-7590B98EB39B}
		{0EF4DA85-69C6-4A22-AA00-1EDAA117701C} = {827E0CD3-B72D-47B6-A68D-7590B98EB39B}
		{8ED14EB5-1081-4C41-9D96-9EDADE785C94} = {827E0CD3-B72D-47B6-A68D-7590B98EB39B}
		{58410DC0-8DED-46D8-89C0-AB38F2405CF2} = {827E0CD3-B72D-47B6-A68D-7590B98EB39B}
		{B60A4B1D-E6C9-42C3-8A8F-E0A70C333512} = {827E0CD3-B72D-47B6-A68D-7590B98EB39B}
		{51FB9D67-5F49-44A9-8D10-D13190C2A86A} = {0AB3BF05-4346-4AA6-1389-037BE0695223}
	EndGlobalSection
EndGlobal
